// !$*UTF8*$!
{
	archiveVersion = 1;
	classes = {
	};
	objectVersion = 55;
	objects = {

/* Begin PBXBuildFile section */
		0371714B28C53E6E00AFE5DD /* StatusBarController.swift in Sources */ = {isa = PBXBuildFile; fileRef = 0371714A28C53E6E00AFE5DD /* StatusBarController.swift */; };
		037A6D3728C02B0E005DE446 /* iMenuApp.swift in Sources */ = {isa = PBXBuildFile; fileRef = 037A6D3628C02B0E005DE446 /* iMenuApp.swift */; };
		037A6D3928C02B0E005DE446 /* ContentView.swift in Sources */ = {isa = PBXBuildFile; fileRef = 037A6D3828C02B0E005DE446 /* ContentView.swift */; };
		037A6D3B28C02B10005DE446 /* Assets.xcassets in Resources */ = {isa = PBXBuildFile; fileRef = 037A6D3A28C02B10005DE446 /* Assets.xcassets */; };
		037A6D3E28C02B10005DE446 /* Preview Assets.xcassets in Resources */ = {isa = PBXBuildFile; fileRef = 037A6D3D28C02B10005DE446 /* Preview Assets.xcassets */; };
		03AE5DBA28E25D27004254A4 /* SystemLoadMonitor.swift in Sources */ = {isa = PBXBuildFile; fileRef = 03AE5DB928E25D27004254A4 /* SystemLoadMonitor.swift */; };
		03AE5DBC28E25D51004254A4 /* CircleView.swift in Sources */ = {isa = PBXBuildFile; fileRef = 03AE5DBB28E25D51004254A4 /* CircleView.swift */; };
		03AE5DBE28E25D9E004254A4 /* ViewModel.swift in Sources */ = {isa = PBXBuildFile; fileRef = 03AE5DBD28E25D9E004254A4 /* ViewModel.swift */; };
		03AE5DC028E25E36004254A4 /* BateryView.swift in Sources */ = {isa = PBXBuildFile; fileRef = 03AE5DBF28E25E36004254A4 /* BateryView.swift */; };
/* End PBXBuildFile section */

/* Begin PBXFileReference section */
		0371714928C533F700AFE5DD /* Info.plist */ = {isa = PBXFileReference; lastKnownFileType = text.plist; path = Info.plist; sourceTree = "<group>"; };
		0371714A28C53E6E00AFE5DD /* StatusBarController.swift */ = {isa = PBXFileReference; lastKnownFileType = sourcecode.swift; path = StatusBarController.swift; sourceTree = "<group>"; };
		037A6D3328C02B0E005DE446 /* iMenu.app */ = {isa = PBXFileReference; explicitFileType = wrapper.application; includeInIndex = 0; path = iMenu.app; sourceTree = BUILT_PRODUCTS_DIR; };
		037A6D3628C02B0E005DE446 /* iMenuApp.swift */ = {isa = PBXFileReference; lastKnownFileType = sourcecode.swift; path = iMenuApp.swift; sourceTree = "<group>"; };
		037A6D3828C02B0E005DE446 /* ContentView.swift */ = {isa = PBXFileReference; lastKnownFileType = sourcecode.swift; path = ContentView.swift; sourceTree = "<group>"; };
		037A6D3A28C02B10005DE446 /* Assets.xcassets */ = {isa = PBXFileReference; lastKnownFileType = folder.assetcatalog; path = Assets.xcassets; sourceTree = "<group>"; };
		037A6D3D28C02B10005DE446 /* Preview Assets.xcassets */ = {isa = PBXFileReference; lastKnownFileType = folder.assetcatalog; path = "Preview Assets.xcassets"; sourceTree = "<group>"; };
		037A6D3F28C02B10005DE446 /* iMenu.entitlements */ = {isa = PBXFileReference; lastKnownFileType = text.plist.entitlements; path = iMenu.entitlements; sourceTree = "<group>"; };
		03AE5DB928E25D27004254A4 /* SystemLoadMonitor.swift */ = {isa = PBXFileReference; lastKnownFileType = sourcecode.swift; path = SystemLoadMonitor.swift; sourceTree = "<group>"; };
		03AE5DBB28E25D51004254A4 /* CircleView.swift */ = {isa = PBXFileReference; lastKnownFileType = sourcecode.swift; path = CircleView.swift; sourceTree = "<group>"; };
		03AE5DBD28E25D9E004254A4 /* ViewModel.swift */ = {isa = PBXFileReference; lastKnownFileType = sourcecode.swift; path = ViewModel.swift; sourceTree = "<group>"; };
		03AE5DBF28E25E36004254A4 /* BateryView.swift */ = {isa = PBXFileReference; lastKnownFileType = sourcecode.swift; path = BateryView.swift; sourceTree = "<group>"; };
/* End PBXFileReference section */

/* Begin PBXFrameworksBuildPhase section */
		037A6D3028C02B0E005DE446 /* Frameworks */ = {
			isa = PBXFrameworksBuildPhase;
			buildActionMask = 2147483647;
			files = (
			);
			runOnlyForDeploymentPostprocessing = 0;
		};
/* End PBXFrameworksBuildPhase section */

/* Begin PBXGroup section */
		037A6D2A28C02B0E005DE446 = {
			isa = PBXGroup;
			children = (
				037A6D3528C02B0E005DE446 /* iMenu */,
				037A6D3428C02B0E005DE446 /* Products */,
			);
			sourceTree = "<group>";
		};
		037A6D3428C02B0E005DE446 /* Products */ = {
			isa = PBXGroup;
			children = (
				037A6D3328C02B0E005DE446 /* iMenu.app */,
			);
			name = Products;
			sourceTree = "<group>";
		};
		037A6D3528C02B0E005DE446 /* iMenu */ = {
			isa = PBXGroup;
			children = (
				037A6D3628C02B0E005DE446 /* iMenuApp.swift */,
				03AE5DB828E25CFA004254A4 /* System */,
				03AE5DB728E25C80004254A4 /* ViewModel */,
				03AE5DB628E25C77004254A4 /* View */,
				03AE5DB528E25C6C004254A4 /* Model */,
				0371714928C533F700AFE5DD /* Info.plist */,
				037A6D3A28C02B10005DE446 /* Assets.xcassets */,
				037A6D3F28C02B10005DE446 /* iMenu.entitlements */,
				037A6D3C28C02B10005DE446 /* Preview Content */,
			);
			path = iMenu;
			sourceTree = "<group>";
		};
		037A6D3C28C02B10005DE446 /* Preview Content */ = {
			isa = PBXGroup;
			children = (
				037A6D3D28C02B10005DE446 /* Preview Assets.xcassets */,
			);
			path = "Preview Content";
			sourceTree = "<group>";
		};
		03AE5DB528E25C6C004254A4 /* Model */ = {
			isa = PBXGroup;
			children = (
				0371714A28C53E6E00AFE5DD /* StatusBarController.swift */,
			);
			path = Model;
			sourceTree = "<group>";
		};
		03AE5DB628E25C77004254A4 /* View */ = {
			isa = PBXGroup;
			children = (
				037A6D3828C02B0E005DE446 /* ContentView.swift */,
				03AE5DBB28E25D51004254A4 /* CircleView.swift */,
				03AE5DBF28E25E36004254A4 /* BateryView.swift */,
			);
			path = View;
			sourceTree = "<group>";
		};
		03AE5DB728E25C80004254A4 /* ViewModel */ = {
			isa = PBXGroup;
			children = (
				03AE5DBD28E25D9E004254A4 /* ViewModel.swift */,
			);
			path = ViewModel;
			sourceTree = "<group>";
		};
		03AE5DB828E25CFA004254A4 /* System */ = {
			isa = PBXGroup;
			children = (
				03AE5DB928E25D27004254A4 /* SystemLoadMonitor.swift */,
			);
			path = System;
			sourceTree = "<group>";
		};
/* End PBXGroup section */

/* Begin PBXNativeTarget section */
		037A6D3228C02B0E005DE446 /* iMenu */ = {
			isa = PBXNativeTarget;
			buildConfigurationList = 037A6D4228C02B10005DE446 /* Build configuration list for PBXNativeTarget "iMenu" */;
			buildPhases = (
				037A6D2F28C02B0E005DE446 /* Sources */,
				037A6D3028C02B0E005DE446 /* Frameworks */,
				037A6D3128C02B0E005DE446 /* Resources */,
			);
			buildRules = (
			);
			dependencies = (
			);
			name = iMenu;
			productName = iMenu;
			productReference = 037A6D3328C02B0E005DE446 /* iMenu.app */;
			productType = "com.apple.product-type.application";
		};
/* End PBXNativeTarget section */

/* Begin PBXProject section */
		037A6D2B28C02B0E005DE446 /* Project object */ = {
			isa = PBXProject;
			attributes = {
				BuildIndependentTargetsInParallel = 1;
				LastSwiftUpdateCheck = 1340;
				LastUpgradeCheck = 1400;
				TargetAttributes = {
					037A6D3228C02B0E005DE446 = {
						CreatedOnToolsVersion = 13.4.1;
					};
				};
			};
			buildConfigurationList = 037A6D2E28C02B0E005DE446 /* Build configuration list for PBXProject "iMenu" */;
			compatibilityVersion = "Xcode 13.0";
			developmentRegion = en;
			hasScannedForEncodings = 0;
			knownRegions = (
				en,
				Base,
			);
			mainGroup = 037A6D2A28C02B0E005DE446;
			productRefGroup = 037A6D3428C02B0E005DE446 /* Products */;
			projectDirPath = "";
			projectRoot = "";
			targets = (
				037A6D3228C02B0E005DE446 /* iMenu */,
			);
		};
/* End PBXProject section */

/* Begin PBXResourcesBuildPhase section */
		037A6D3128C02B0E005DE446 /* Resources */ = {
			isa = PBXResourcesBuildPhase;
			buildActionMask = 2147483647;
			files = (
				037A6D3E28C02B10005DE446 /* Preview Assets.xcassets in Resources */,
				037A6D3B28C02B10005DE446 /* Assets.xcassets in Resources */,
			);
			runOnlyForDeploymentPostprocessing = 0;
		};
/* End PBXResourcesBuildPhase section */

/* Begin PBXSourcesBuildPhase section */
		037A6D2F28C02B0E005DE446 /* Sources */ = {
			isa = PBXSourcesBuildPhase;
			buildActionMask = 2147483647;
			files = (
				037A6D3928C02B0E005DE446 /* ContentView.swift in Sources */,
				03AE5DBC28E25D51004254A4 /* CircleView.swift in Sources */,
				0371714B28C53E6E00AFE5DD /* StatusBarController.swift in Sources */,
				037A6D3728C02B0E005DE446 /* iMenuApp.swift in Sources */,
				03AE5DC028E25E36004254A4 /* BateryView.swift in Sources */,
				03AE5DBE28E25D9E004254A4 /* ViewModel.swift in Sources */,
				03AE5DBA28E25D27004254A4 /* SystemLoadMonitor.swift in Sources */,
			);
			runOnlyForDeploymentPostprocessing = 0;
		};
/* End PBXSourcesBuildPhase section */

/* Begin XCBuildConfiguration section */
		037A6D4028C02B10005DE446 /* Debug */ = {
			isa = XCBuildConfiguration;
			buildSettings = {
				ALWAYS_SEARCH_USER_PATHS = NO;
				CLANG_ANALYZER_NONNULL = YES;
				CLANG_ANALYZER_NUMBER_OBJECT_CONVERSION = YES_AGGRESSIVE;
				CLANG_CXX_LANGUAGE_STANDARD = "gnu++17";
				CLANG_ENABLE_MODULES = YES;
				CLANG_ENABLE_OBJC_ARC = YES;
				CLANG_ENABLE_OBJC_WEAK = YES;
				CLANG_WARN_BLOCK_CAPTURE_AUTORELEASING = YES;
				CLANG_WARN_BOOL_CONVERSION = YES;
				CLANG_WARN_COMMA = YES;
				CLANG_WARN_CONSTANT_CONVERSION = YES;
				CLANG_WARN_DEPRECATED_OBJC_IMPLEMENTATIONS = YES;
				CLANG_WARN_DIRECT_OBJC_ISA_USAGE = YES_ERROR;
				CLANG_WARN_DOCUMENTATION_COMMENTS = YES;
				CLANG_WARN_EMPTY_BODY = YES;
				CLANG_WARN_ENUM_CONVERSION = YES;
				CLANG_WARN_INFINITE_RECURSION = YES;
				CLANG_WARN_INT_CONVERSION = YES;
				CLANG_WARN_NON_LITERAL_NULL_CONVERSION = YES;
				CLANG_WARN_OBJC_IMPLICIT_RETAIN_SELF = YES;
				CLANG_WARN_OBJC_LITERAL_CONVERSION = YES;
				CLANG_WARN_OBJC_ROOT_CLASS = YES_ERROR;
				CLANG_WARN_QUOTED_INCLUDE_IN_FRAMEWORK_HEADER = YES;
				CLANG_WARN_RANGE_LOOP_ANALYSIS = YES;
				CLANG_WARN_STRICT_PROTOTYPES = YES;
				CLANG_WARN_SUSPICIOUS_MOVE = YES;
				CLANG_WARN_UNGUARDED_AVAILABILITY = YES_AGGRESSIVE;
				CLANG_WARN_UNREACHABLE_CODE = YES;
				CLANG_WARN__DUPLICATE_METHOD_MATCH = YES;
				COPY_PHASE_STRIP = NO;
				DEAD_CODE_STRIPPING = YES;
				DEBUG_INFORMATION_FORMAT = dwarf;
				ENABLE_STRICT_OBJC_MSGSEND = YES;
				ENABLE_TESTABILITY = YES;
				GCC_C_LANGUAGE_STANDARD = gnu11;
				GCC_DYNAMIC_NO_PIC = NO;
				GCC_NO_COMMON_BLOCKS = YES;
				GCC_OPTIMIZATION_LEVEL = 0;
				GCC_PREPROCESSOR_DEFINITIONS = (
					"DEBUG=1",
					"$(inherited)",
				);
				GCC_WARN_64_TO_32_BIT_CONVERSION = YES;
				GCC_WARN_ABOUT_RETURN_TYPE = YES_ERROR;
				GCC_WARN_UNDECLARED_SELECTOR = YES;
				GCC_WARN_UNINITIALIZED_AUTOS = YES_AGGRESSIVE;
				GCC_WARN_UNUSED_FUNCTION = YES;
				GCC_WARN_UNUSED_VARIABLE = YES;
				MACOSX_DEPLOYMENT_TARGET = 12.3;
				MTL_ENABLE_DEBUG_INFO = INCLUDE_SOURCE;
				MTL_FAST_MATH = YES;
				ONLY_ACTIVE_ARCH = YES;
				SDKROOT = macosx;
				SWIFT_ACTIVE_COMPILATION_CONDITIONS = DEBUG;
				SWIFT_OPTIMIZATION_LEVEL = "-Onone";
			};
			name = Debug;
		};
		037A6D4128C02B10005DE446 /* Release */ = {
			isa = XCBuildConfiguration;
			buildSettings = {
				ALWAYS_SEARCH_USER_PATHS = NO;
				CLANG_ANALYZER_NONNULL = YES;
				CLANG_ANALYZER_NUMBER_OBJECT_CONVERSION = YES_AGGRESSIVE;
				CLANG_CXX_LANGUAGE_STANDARD = "gnu++17";
				CLANG_ENABLE_MODULES = YES;
				CLANG_ENABLE_OBJC_ARC = YES;
				CLANG_ENABLE_OBJC_WEAK = YES;
				CLANG_WARN_BLOCK_CAPTURE_AUTORELEASING = YES;
				CLANG_WARN_BOOL_CONVERSION = YES;
				CLANG_WARN_COMMA = YES;
				CLANG_WARN_CONSTANT_CONVERSION = YES;
				CLANG_WARN_DEPRECATED_OBJC_IMPLEMENTATIONS = YES;
				CLANG_WARN_DIRECT_OBJC_ISA_USAGE = YES_ERROR;
				CLANG_WARN_DOCUMENTATION_COMMENTS = YES;
				CLANG_WARN_EMPTY_BODY = YES;
				CLANG_WARN_ENUM_CONVERSION = YES;
				CLANG_WARN_INFINITE_RECURSION = YES;
				CLANG_WARN_INT_CONVERSION = YES;
				CLANG_WARN_NON_LITERAL_NULL_CONVERSION = YES;
				CLANG_WARN_OBJC_IMPLICIT_RETAIN_SELF = YES;
				CLANG_WARN_OBJC_LITERAL_CONVERSION = YES;
				CLANG_WARN_OBJC_ROOT_CLASS = YES_ERROR;
				CLANG_WARN_QUOTED_INCLUDE_IN_FRAMEWORK_HEADER = YES;
				CLANG_WARN_RANGE_LOOP_ANALYSIS = YES;
				CLANG_WARN_STRICT_PROTOTYPES = YES;
				CLANG_WARN_SUSPICIOUS_MOVE = YES;
				CLANG_WARN_UNGUARDED_AVAILABILITY = YES_AGGRESSIVE;
				CLANG_WARN_UNREACHABLE_CODE = YES;
				CLANG_WARN__DUPLICATE_METHOD_MATCH = YES;
				COPY_PHASE_STRIP = NO;
				DEAD_CODE_STRIPPING = YES;
				DEBUG_INFORMATION_FORMAT = "dwarf-with-dsym";
				ENABLE_NS_ASSERTIONS = NO;
				ENABLE_STRICT_OBJC_MSGSEND = YES;
				GCC_C_LANGUAGE_STANDARD = gnu11;
				GCC_NO_COMMON_BLOCKS = YES;
				GCC_WARN_64_TO_32_BIT_CONVERSION = YES;
				GCC_WARN_ABOUT_RETURN_TYPE = YES_ERROR;
				GCC_WARN_UNDECLARED_SELECTOR = YES;
				GCC_WARN_UNINITIALIZED_AUTOS = YES_AGGRESSIVE;
				GCC_WARN_UNUSED_FUNCTION = YES;
				GCC_WARN_UNUSED_VARIABLE = YES;
				MACOSX_DEPLOYMENT_TARGET = 12.3;
				MTL_ENABLE_DEBUG_INFO = NO;
				MTL_FAST_MATH = YES;
				SDKROOT = macosx;
				SWIFT_COMPILATION_MODE = wholemodule;
				SWIFT_OPTIMIZATION_LEVEL = "-O";
			};
			name = Release;
		};
		037A6D4328C02B10005DE446 /* Debug */ = {
			isa = XCBuildConfiguration;
			buildSettings = {
				ASSETCATALOG_COMPILER_APPICON_NAME = AppIcon;
				ASSETCATALOG_COMPILER_GLOBAL_ACCENT_COLOR_NAME = AccentColor;
				CODE_SIGN_ENTITLEMENTS = iMenu/iMenu.entitlements;
				CODE_SIGN_IDENTITY = "-";
				CODE_SIGN_STYLE = Automatic;
				COMBINE_HIDPI_IMAGES = YES;
				CURRENT_PROJECT_VERSION = 1;
				DEAD_CODE_STRIPPING = YES;
				DEVELOPMENT_ASSET_PATHS = "\"iMenu/Preview Content\"";
				DEVELOPMENT_TEAM = 82CYP6YDK3;
				ENABLE_HARDENED_RUNTIME = YES;
				ENABLE_PREVIEWS = YES;
				GENERATE_INFOPLIST_FILE = YES;
				INFOPLIST_FILE = iMenu/Info.plist;
				INFOPLIST_KEY_NSHumanReadableCopyright = "";
				LD_RUNPATH_SEARCH_PATHS = (
					"$(inherited)",
					"@executable_path/../Frameworks",
				);
				MARKETING_VERSION = 1.0;
				PRODUCT_BUNDLE_IDENTIFIER = rogpires.pires.iMenu;
				PRODUCT_NAME = "$(TARGET_NAME)";
				SWIFT_EMIT_LOC_STRINGS = YES;
				SWIFT_VERSION = 5.0;
			};
			name = Debug;
		};
		037A6D4428C02B10005DE446 /* Release */ = {
			isa = XCBuildConfiguration;
			buildSettings = {
				ASSETCATALOG_COMPILER_APPICON_NAME = AppIcon;
				ASSETCATALOG_COMPILER_GLOBAL_ACCENT_COLOR_NAME = AccentColor;
				CODE_SIGN_ENTITLEMENTS = iMenu/iMenu.entitlements;
				CODE_SIGN_IDENTITY = "-";
				CODE_SIGN_STYLE = Automatic;
				COMBINE_HIDPI_IMAGES = YES;
				CURRENT_PROJECT_VERSION = 1;
				DEAD_CODE_STRIPPING = YES;
				DEVELOPMENT_ASSET_PATHS = "\"iMenu/Preview Content\"";
				DEVELOPMENT_TEAM = 82CYP6YDK3;
				ENABLE_HARDENED_RUNTIME = YES;
				ENABLE_PREVIEWS = YES;
				GENERATE_INFOPLIST_FILE = YES;
				INFOPLIST_FILE = iMenu/Info.plist;
				INFOPLIST_KEY_NSHumanReadableCopyright = "";
				LD_RUNPATH_SEARCH_PATHS = (
					"$(inherited)",
					"@executable_path/../Frameworks",
				);
				MARKETING_VERSION = 1.0;
				PRODUCT_BUNDLE_IDENTIFIER = rogpires.pires.iMenu;
				PRODUCT_NAME = "$(TARGET_NAME)";
				SWIFT_EMIT_LOC_STRINGS = YES;
				SWIFT_VERSION = 5.0;
			};
			name = Release;
		};
/* End XCBuildConfiguration section */

/* Begin XCConfigurationList section */
		037A6D2E28C02B0E005DE446 /* Build configuration list for PBXProject "iMenu" */ = {
			isa = XCConfigurationList;
			buildConfigurations = (
				037A6D4028C02B10005DE446 /* Debug */,
				037A6D4128C02B10005DE446 /* Release */,
			);
			defaultConfigurationIsVisible = 0;
			defaultConfigurationName = Release;
		};
		037A6D4228C02B10005DE446 /* Build configuration list for PBXNativeTarget "iMenu" */ = {
			isa = XCConfigurationList;
			buildConfigurations = (
				037A6D4328C02B10005DE446 /* Debug */,
				037A6D4428C02B10005DE446 /* Release */,
			);
			defaultConfigurationIsVisible = 0;
			defaultConfigurationName = Release;
		};
/* End XCConfigurationList section */
	};
	rootObject = 037A6D2B28C02B0E005DE446 /* Project object */;
}
